// !$*UTF8*$!
{
	archiveVersion = 1;
	classes = {
	};
	objectVersion = 55;
	objects = {

/* Begin PBXBuildFile section */
		23894F6A660D50D0916D8BE4 /* Pods_FlickrGallery.framework in Frameworks */ = {isa = PBXBuildFile; fileRef = 8693B515C92CC63E25493118 /* Pods_FlickrGallery.framework */; };
		A641447B2868AC8E005ABDAB /* StorageManager.swift in Sources */ = {isa = PBXBuildFile; fileRef = A641447A2868AC8E005ABDAB /* StorageManager.swift */; };
		A64144802868B256005ABDAB /* ImageCell.swift in Sources */ = {isa = PBXBuildFile; fileRef = A641447F2868B256005ABDAB /* ImageCell.swift */; };
		A68CDEB92868811200D0725D /* AppDelegate.swift in Sources */ = {isa = PBXBuildFile; fileRef = A68CDEB82868811200D0725D /* AppDelegate.swift */; };
		A68CDEBB2868811200D0725D /* SceneDelegate.swift in Sources */ = {isa = PBXBuildFile; fileRef = A68CDEBA2868811200D0725D /* SceneDelegate.swift */; };
		A68CDEBD2868811200D0725D /* MainViewController.swift in Sources */ = {isa = PBXBuildFile; fileRef = A68CDEBC2868811200D0725D /* MainViewController.swift */; };
		A68CDEC02868811200D0725D /* Main.storyboard in Resources */ = {isa = PBXBuildFile; fileRef = A68CDEBE2868811200D0725D /* Main.storyboard */; };
		A68CDEC32868811200D0725D /* FlickrGallery.xcdatamodeld in Sources */ = {isa = PBXBuildFile; fileRef = A68CDEC12868811200D0725D /* FlickrGallery.xcdatamodeld */; };
		A68CDEC52868811300D0725D /* Assets.xcassets in Resources */ = {isa = PBXBuildFile; fileRef = A68CDEC42868811300D0725D /* Assets.xcassets */; };
		A68CDEC82868811300D0725D /* LaunchScreen.storyboard in Resources */ = {isa = PBXBuildFile; fileRef = A68CDEC62868811300D0725D /* LaunchScreen.storyboard */; };
		A6B36E9028688E330070C8CE /* NetworkManager.swift in Sources */ = {isa = PBXBuildFile; fileRef = A6B36E8F28688E330070C8CE /* NetworkManager.swift */; };
		A6F2ABCD2869C5FF001F92A9 /* PresentationController.swift in Sources */ = {isa = PBXBuildFile; fileRef = A6F2ABCC2869C5FF001F92A9 /* PresentationController.swift */; };
		A6F2ABCF2869C742001F92A9 /* PhotoViewController.swift in Sources */ = {isa = PBXBuildFile; fileRef = A6F2ABCE2869C742001F92A9 /* PhotoViewController.swift */; };
		A6F2ABD12869D21D001F92A9 /* FavouritesViewController.swift in Sources */ = {isa = PBXBuildFile; fileRef = A6F2ABD02869D21D001F92A9 /* FavouritesViewController.swift */; };
/* End PBXBuildFile section */

/* Begin PBXFileReference section */
		6BED5EE22FCF8AD8061EB50B /* Pods-FlickrGallery.debug.xcconfig */ = {isa = PBXFileReference; includeInIndex = 1; lastKnownFileType = text.xcconfig; name = "Pods-FlickrGallery.debug.xcconfig"; path = "Target Support Files/Pods-FlickrGallery/Pods-FlickrGallery.debug.xcconfig"; sourceTree = "<group>"; };
		8028ED6424F57C41E39FC10D /* Pods-FlickrGallery.release.xcconfig */ = {isa = PBXFileReference; includeInIndex = 1; lastKnownFileType = text.xcconfig; name = "Pods-FlickrGallery.release.xcconfig"; path = "Target Support Files/Pods-FlickrGallery/Pods-FlickrGallery.release.xcconfig"; sourceTree = "<group>"; };
		8693B515C92CC63E25493118 /* Pods_FlickrGallery.framework */ = {isa = PBXFileReference; explicitFileType = wrapper.framework; includeInIndex = 0; path = Pods_FlickrGallery.framework; sourceTree = BUILT_PRODUCTS_DIR; };
		A641447A2868AC8E005ABDAB /* StorageManager.swift */ = {isa = PBXFileReference; lastKnownFileType = sourcecode.swift; path = StorageManager.swift; sourceTree = "<group>"; };
		A641447F2868B256005ABDAB /* ImageCell.swift */ = {isa = PBXFileReference; lastKnownFileType = sourcecode.swift; path = ImageCell.swift; sourceTree = "<group>"; };
		A68CDEB52868811200D0725D /* FlickrGallery.app */ = {isa = PBXFileReference; explicitFileType = wrapper.application; includeInIndex = 0; path = FlickrGallery.app; sourceTree = BUILT_PRODUCTS_DIR; };
		A68CDEB82868811200D0725D /* AppDelegate.swift */ = {isa = PBXFileReference; lastKnownFileType = sourcecode.swift; path = AppDelegate.swift; sourceTree = "<group>"; };
		A68CDEBA2868811200D0725D /* SceneDelegate.swift */ = {isa = PBXFileReference; lastKnownFileType = sourcecode.swift; path = SceneDelegate.swift; sourceTree = "<group>"; };
		A68CDEBC2868811200D0725D /* MainViewController.swift */ = {isa = PBXFileReference; lastKnownFileType = sourcecode.swift; path = MainViewController.swift; sourceTree = "<group>"; };
		A68CDEBF2868811200D0725D /* Base */ = {isa = PBXFileReference; lastKnownFileType = file.storyboard; name = Base; path = Base.lproj/Main.storyboard; sourceTree = "<group>"; };
		A68CDEC22868811200D0725D /* FlickrGallery.xcdatamodel */ = {isa = PBXFileReference; lastKnownFileType = wrapper.xcdatamodel; path = FlickrGallery.xcdatamodel; sourceTree = "<group>"; };
		A68CDEC42868811300D0725D /* Assets.xcassets */ = {isa = PBXFileReference; lastKnownFileType = folder.assetcatalog; path = Assets.xcassets; sourceTree = "<group>"; };
		A68CDEC72868811300D0725D /* Base */ = {isa = PBXFileReference; lastKnownFileType = file.storyboard; name = Base; path = Base.lproj/LaunchScreen.storyboard; sourceTree = "<group>"; };
		A68CDEC92868811300D0725D /* Info.plist */ = {isa = PBXFileReference; lastKnownFileType = text.plist.xml; path = Info.plist; sourceTree = "<group>"; };
		A6B36E8F28688E330070C8CE /* NetworkManager.swift */ = {isa = PBXFileReference; lastKnownFileType = sourcecode.swift; path = NetworkManager.swift; sourceTree = "<group>"; };
		A6F2ABCC2869C5FF001F92A9 /* PresentationController.swift */ = {isa = PBXFileReference; lastKnownFileType = sourcecode.swift; path = PresentationController.swift; sourceTree = "<group>"; };
		A6F2ABCE2869C742001F92A9 /* PhotoViewController.swift */ = {isa = PBXFileReference; lastKnownFileType = sourcecode.swift; path = PhotoViewController.swift; sourceTree = "<group>"; };
		A6F2ABD02869D21D001F92A9 /* FavouritesViewController.swift */ = {isa = PBXFileReference; lastKnownFileType = sourcecode.swift; path = FavouritesViewController.swift; sourceTree = "<group>"; };
/* End PBXFileReference section */

/* Begin PBXFrameworksBuildPhase section */
		A68CDEB22868811200D0725D /* Frameworks */ = {
			isa = PBXFrameworksBuildPhase;
			buildActionMask = 2147483647;
			files = (
				23894F6A660D50D0916D8BE4 /* Pods_FlickrGallery.framework in Frameworks */,
			);
			runOnlyForDeploymentPostprocessing = 0;
		};
/* End PBXFrameworksBuildPhase section */

/* Begin PBXGroup section */
		49FD5445DDBA31302916FB93 /* Pods */ = {
			isa = PBXGroup;
			children = (
				6BED5EE22FCF8AD8061EB50B /* Pods-FlickrGallery.debug.xcconfig */,
				8028ED6424F57C41E39FC10D /* Pods-FlickrGallery.release.xcconfig */,
			);
			path = Pods;
			sourceTree = "<group>";
		};
		996857AFAEC12E85A8A5A2AB /* Frameworks */ = {
			isa = PBXGroup;
			children = (
				8693B515C92CC63E25493118 /* Pods_FlickrGallery.framework */,
			);
			name = Frameworks;
			sourceTree = "<group>";
		};
		A641447C2868AF28005ABDAB /* Controller */ = {
			isa = PBXGroup;
			children = (
				A68CDEBC2868811200D0725D /* MainViewController.swift */,
				A6F2ABCC2869C5FF001F92A9 /* PresentationController.swift */,
				A6F2ABCE2869C742001F92A9 /* PhotoViewController.swift */,
				A6F2ABD02869D21D001F92A9 /* FavouritesViewController.swift */,
			);
			path = Controller;
			sourceTree = "<group>";
		};
		A641447D2868AF31005ABDAB /* View */ = {
			isa = PBXGroup;
			children = (
				A68CDEBE2868811200D0725D /* Main.storyboard */,
				A68CDEC62868811300D0725D /* LaunchScreen.storyboard */,
				A641447F2868B256005ABDAB /* ImageCell.swift */,
			);
			path = View;
			sourceTree = "<group>";
		};
		A641447E2868AF35005ABDAB /* Model */ = {
			isa = PBXGroup;
			children = (
				A6B36E8F28688E330070C8CE /* NetworkManager.swift */,
				A641447A2868AC8E005ABDAB /* StorageManager.swift */,
			);
			path = Model;
			sourceTree = "<group>";
		};
		A68CDEAC2868811200D0725D = {
			isa = PBXGroup;
			children = (
				A68CDEB72868811200D0725D /* FlickrGallery */,
				A68CDEB62868811200D0725D /* Products */,
				49FD5445DDBA31302916FB93 /* Pods */,
				996857AFAEC12E85A8A5A2AB /* Frameworks */,
			);
			sourceTree = "<group>";
		};
		A68CDEB62868811200D0725D /* Products */ = {
			isa = PBXGroup;
			children = (
				A68CDEB52868811200D0725D /* FlickrGallery.app */,
			);
			name = Products;
			sourceTree = "<group>";
		};
		A68CDEB72868811200D0725D /* FlickrGallery */ = {
			isa = PBXGroup;
			children = (
				A641447E2868AF35005ABDAB /* Model */,
				A641447D2868AF31005ABDAB /* View */,
				A641447C2868AF28005ABDAB /* Controller */,
				A68CDEB82868811200D0725D /* AppDelegate.swift */,
				A68CDEBA2868811200D0725D /* SceneDelegate.swift */,
				A68CDEC42868811300D0725D /* Assets.xcassets */,
				A68CDEC92868811300D0725D /* Info.plist */,
				A68CDEC12868811200D0725D /* FlickrGallery.xcdatamodeld */,
			);
			path = FlickrGallery;
			sourceTree = "<group>";
		};
/* End PBXGroup section */

/* Begin PBXNativeTarget section */
		A68CDEB42868811200D0725D /* FlickrGallery */ = {
			isa = PBXNativeTarget;
			buildConfigurationList = A68CDECC2868811300D0725D /* Build configuration list for PBXNativeTarget "FlickrGallery" */;
			buildPhases = (
				75C4535798A6BFF604919201 /* [CP] Check Pods Manifest.lock */,
				A68CDEB12868811200D0725D /* Sources */,
				A68CDEB22868811200D0725D /* Frameworks */,
				A68CDEB32868811200D0725D /* Resources */,
				CE4116519D23FF8484DFE6AB /* [CP] Embed Pods Frameworks */,
			);
			buildRules = (
			);
			dependencies = (
			);
			name = FlickrGallery;
			productName = FlickrGallery;
			productReference = A68CDEB52868811200D0725D /* FlickrGallery.app */;
			productType = "com.apple.product-type.application";
		};
/* End PBXNativeTarget section */

/* Begin PBXProject section */
		A68CDEAD2868811200D0725D /* Project object */ = {
			isa = PBXProject;
			attributes = {
				BuildIndependentTargetsInParallel = 1;
				LastSwiftUpdateCheck = 1330;
				LastUpgradeCheck = 1330;
				TargetAttributes = {
					A68CDEB42868811200D0725D = {
						CreatedOnToolsVersion = 13.3;
					};
				};
			};
			buildConfigurationList = A68CDEB02868811200D0725D /* Build configuration list for PBXProject "FlickrGallery" */;
			compatibilityVersion = "Xcode 13.0";
			developmentRegion = en;
			hasScannedForEncodings = 0;
			knownRegions = (
				en,
				Base,
			);
			mainGroup = A68CDEAC2868811200D0725D;
			productRefGroup = A68CDEB62868811200D0725D /* Products */;
			projectDirPath = "";
			projectRoot = "";
			targets = (
				A68CDEB42868811200D0725D /* FlickrGallery */,
			);
		};
/* End PBXProject section */

/* Begin PBXResourcesBuildPhase section */
		A68CDEB32868811200D0725D /* Resources */ = {
			isa = PBXResourcesBuildPhase;
			buildActionMask = 2147483647;
			files = (
				A68CDEC82868811300D0725D /* LaunchScreen.storyboard in Resources */,
				A68CDEC52868811300D0725D /* Assets.xcassets in Resources */,
				A68CDEC02868811200D0725D /* Main.storyboard in Resources */,
			);
			runOnlyForDeploymentPostprocessing = 0;
		};
/* End PBXResourcesBuildPhase section */

/* Begin PBXShellScriptBuildPhase section */
		75C4535798A6BFF604919201 /* [CP] Check Pods Manifest.lock */ = {
			isa = PBXShellScriptBuildPhase;
			buildActionMask = 2147483647;
			files = (
			);
			inputFileListPaths = (
			);
			inputPaths = (
				"${PODS_PODFILE_DIR_PATH}/Podfile.lock",
				"${PODS_ROOT}/Manifest.lock",
			);
			name = "[CP] Check Pods Manifest.lock";
			outputFileListPaths = (
			);
			outputPaths = (
				"$(DERIVED_FILE_DIR)/Pods-FlickrGallery-checkManifestLockResult.txt",
			);
			runOnlyForDeploymentPostprocessing = 0;
			shellPath = /bin/sh;
			shellScript = "diff \"${PODS_PODFILE_DIR_PATH}/Podfile.lock\" \"${PODS_ROOT}/Manifest.lock\" > /dev/null\nif [ $? != 0 ] ; then\n    # print error to STDERR\n    echo \"error: The sandbox is not in sync with the Podfile.lock. Run 'pod install' or update your CocoaPods installation.\" >&2\n    exit 1\nfi\n# This output is used by Xcode 'outputs' to avoid re-running this script phase.\necho \"SUCCESS\" > \"${SCRIPT_OUTPUT_FILE_0}\"\n";
			showEnvVarsInLog = 0;
		};
		CE4116519D23FF8484DFE6AB /* [CP] Embed Pods Frameworks */ = {
			isa = PBXShellScriptBuildPhase;
			buildActionMask = 2147483647;
			files = (
			);
			inputFileListPaths = (
				"${PODS_ROOT}/Target Support Files/Pods-FlickrGallery/Pods-FlickrGallery-frameworks-${CONFIGURATION}-input-files.xcfilelist",
			);
			name = "[CP] Embed Pods Frameworks";
			outputFileListPaths = (
				"${PODS_ROOT}/Target Support Files/Pods-FlickrGallery/Pods-FlickrGallery-frameworks-${CONFIGURATION}-output-files.xcfilelist",
			);
			runOnlyForDeploymentPostprocessing = 0;
			shellPath = /bin/sh;
			shellScript = "\"${PODS_ROOT}/Target Support Files/Pods-FlickrGallery/Pods-FlickrGallery-frameworks.sh\"\n";
			showEnvVarsInLog = 0;
		};
/* End PBXShellScriptBuildPhase section */

/* Begin PBXSourcesBuildPhase section */
		A68CDEB12868811200D0725D /* Sources */ = {
			isa = PBXSourcesBuildPhase;
			buildActionMask = 2147483647;
			files = (
				A6B36E9028688E330070C8CE /* NetworkManager.swift in Sources */,
				A68CDEBD2868811200D0725D /* MainViewController.swift in Sources */,
				A68CDEC32868811200D0725D /* FlickrGallery.xcdatamodeld in Sources */,
				A641447B2868AC8E005ABDAB /* StorageManager.swift in Sources */,
				A68CDEB92868811200D0725D /* AppDelegate.swift in Sources */,
				A6F2ABCF2869C742001F92A9 /* PhotoViewController.swift in Sources */,
				A64144802868B256005ABDAB /* ImageCell.swift in Sources */,
				A68CDEBB2868811200D0725D /* SceneDelegate.swift in Sources */,
				A6F2ABD12869D21D001F92A9 /* FavouritesViewController.swift in Sources */,
				A6F2ABCD2869C5FF001F92A9 /* PresentationController.swift in Sources */,
			);
			runOnlyForDeploymentPostprocessing = 0;
		};
/* End PBXSourcesBuildPhase section */

/* Begin PBXVariantGroup section */
		A68CDEBE2868811200D0725D /* Main.storyboard */ = {
			isa = PBXVariantGroup;
			children = (
				A68CDEBF2868811200D0725D /* Base */,
			);
			name = Main.storyboard;
			sourceTree = "<group>";
		};
		A68CDEC62868811300D0725D /* LaunchScreen.storyboard */ = {
			isa = PBXVariantGroup;
			children = (
				A68CDEC72868811300D0725D /* Base */,
			);
			name = LaunchScreen.storyboard;
			sourceTree = "<group>";
		};
/* End PBXVariantGroup section */

/* Begin XCBuildConfiguration section */
		A68CDECA2868811300D0725D /* Debug */ = {
			isa = XCBuildConfiguration;
			buildSettings = {
				ALWAYS_SEARCH_USER_PATHS = NO;
				CLANG_ANALYZER_NONNULL = YES;
				CLANG_ANALYZER_NUMBER_OBJECT_CONVERSION = YES_AGGRESSIVE;
				CLANG_CXX_LANGUAGE_STANDARD = "gnu++17";
				CLANG_ENABLE_MODULES = YES;
				CLANG_ENABLE_OBJC_ARC = YES;
				CLANG_ENABLE_OBJC_WEAK = YES;
				CLANG_WARN_BLOCK_CAPTURE_AUTORELEASING = YES;
				CLANG_WARN_BOOL_CONVERSION = YES;
				CLANG_WARN_COMMA = YES;
				CLANG_WARN_CONSTANT_CONVERSION = YES;
				CLANG_WARN_DEPRECATED_OBJC_IMPLEMENTATIONS = YES;
				CLANG_WARN_DIRECT_OBJC_ISA_USAGE = YES_ERROR;
				CLANG_WARN_DOCUMENTATION_COMMENTS = YES;
				CLANG_WARN_EMPTY_BODY = YES;
				CLANG_WARN_ENUM_CONVERSION = YES;
				CLANG_WARN_INFINITE_RECURSION = YES;
				CLANG_WARN_INT_CONVERSION = YES;
				CLANG_WARN_NON_LITERAL_NULL_CONVERSION = YES;
				CLANG_WARN_OBJC_IMPLICIT_RETAIN_SELF = YES;
				CLANG_WARN_OBJC_LITERAL_CONVERSION = YES;
				CLANG_WARN_OBJC_ROOT_CLASS = YES_ERROR;
				CLANG_WARN_QUOTED_INCLUDE_IN_FRAMEWORK_HEADER = YES;
				CLANG_WARN_RANGE_LOOP_ANALYSIS = YES;
				CLANG_WARN_STRICT_PROTOTYPES = YES;
				CLANG_WARN_SUSPICIOUS_MOVE = YES;
				CLANG_WARN_UNGUARDED_AVAILABILITY = YES_AGGRESSIVE;
				CLANG_WARN_UNREACHABLE_CODE = YES;
				CLANG_WARN__DUPLICATE_METHOD_MATCH = YES;
				COPY_PHASE_STRIP = NO;
				DEBUG_INFORMATION_FORMAT = dwarf;
				ENABLE_STRICT_OBJC_MSGSEND = YES;
				ENABLE_TESTABILITY = YES;
				GCC_C_LANGUAGE_STANDARD = gnu11;
				GCC_DYNAMIC_NO_PIC = NO;
				GCC_NO_COMMON_BLOCKS = YES;
				GCC_OPTIMIZATION_LEVEL = 0;
				GCC_PREPROCESSOR_DEFINITIONS = (
					"DEBUG=1",
					"$(inherited)",
				);
				GCC_WARN_64_TO_32_BIT_CONVERSION = YES;
				GCC_WARN_ABOUT_RETURN_TYPE = YES_ERROR;
				GCC_WARN_UNDECLARED_SELECTOR = YES;
				GCC_WARN_UNINITIALIZED_AUTOS = YES_AGGRESSIVE;
				GCC_WARN_UNUSED_FUNCTION = YES;
				GCC_WARN_UNUSED_VARIABLE = YES;
				IPHONEOS_DEPLOYMENT_TARGET = 15.4;
				MTL_ENABLE_DEBUG_INFO = INCLUDE_SOURCE;
				MTL_FAST_MATH = YES;
				ONLY_ACTIVE_ARCH = YES;
				SDKROOT = iphoneos;
				SWIFT_ACTIVE_COMPILATION_CONDITIONS = DEBUG;
				SWIFT_OPTIMIZATION_LEVEL = "-Onone";
			};
			name = Debug;
		};
		A68CDECB2868811300D0725D /* Release */ = {
			isa = XCBuildConfiguration;
			buildSettings = {
				ALWAYS_SEARCH_USER_PATHS = NO;
				CLANG_ANALYZER_NONNULL = YES;
				CLANG_ANALYZER_NUMBER_OBJECT_CONVERSION = YES_AGGRESSIVE;
				CLANG_CXX_LANGUAGE_STANDARD = "gnu++17";
				CLANG_ENABLE_MODULES = YES;
				CLANG_ENABLE_OBJC_ARC = YES;
				CLANG_ENABLE_OBJC_WEAK = YES;
				CLANG_WARN_BLOCK_CAPTURE_AUTORELEASING = YES;
				CLANG_WARN_BOOL_CONVERSION = YES;
				CLANG_WARN_COMMA = YES;
				CLANG_WARN_CONSTANT_CONVERSION = YES;
				CLANG_WARN_DEPRECATED_OBJC_IMPLEMENTATIONS = YES;
				CLANG_WARN_DIRECT_OBJC_ISA_USAGE = YES_ERROR;
				CLANG_WARN_DOCUMENTATION_COMMENTS = YES;
				CLANG_WARN_EMPTY_BODY = YES;
				CLANG_WARN_ENUM_CONVERSION = YES;
				CLANG_WARN_INFINITE_RECURSION = YES;
				CLANG_WARN_INT_CONVERSION = YES;
				CLANG_WARN_NON_LITERAL_NULL_CONVERSION = YES;
				CLANG_WARN_OBJC_IMPLICIT_RETAIN_SELF = YES;
				CLANG_WARN_OBJC_LITERAL_CONVERSION = YES;
				CLANG_WARN_OBJC_ROOT_CLASS = YES_ERROR;
				CLANG_WARN_QUOTED_INCLUDE_IN_FRAMEWORK_HEADER = YES;
				CLANG_WARN_RANGE_LOOP_ANALYSIS = YES;
				CLANG_WARN_STRICT_PROTOTYPES = YES;
				CLANG_WARN_SUSPICIOUS_MOVE = YES;
				CLANG_WARN_UNGUARDED_AVAILABILITY = YES_AGGRESSIVE;
				CLANG_WARN_UNREACHABLE_CODE = YES;
				CLANG_WARN__DUPLICATE_METHOD_MATCH = YES;
				COPY_PHASE_STRIP = NO;
				DEBUG_INFORMATION_FORMAT = "dwarf-with-dsym";
				ENABLE_NS_ASSERTIONS = NO;
				ENABLE_STRICT_OBJC_MSGSEND = YES;
				GCC_C_LANGUAGE_STANDARD = gnu11;
				GCC_NO_COMMON_BLOCKS = YES;
				GCC_WARN_64_TO_32_BIT_CONVERSION = YES;
				GCC_WARN_ABOUT_RETURN_TYPE = YES_ERROR;
				GCC_WARN_UNDECLARED_SELECTOR = YES;
				GCC_WARN_UNINITIALIZED_AUTOS = YES_AGGRESSIVE;
				GCC_WARN_UNUSED_FUNCTION = YES;
				GCC_WARN_UNUSED_VARIABLE = YES;
				IPHONEOS_DEPLOYMENT_TARGET = 15.4;
				MTL_ENABLE_DEBUG_INFO = NO;
				MTL_FAST_MATH = YES;
				SDKROOT = iphoneos;
				SWIFT_COMPILATION_MODE = wholemodule;
				SWIFT_OPTIMIZATION_LEVEL = "-O";
				VALIDATE_PRODUCT = YES;
			};
			name = Release;
		};
		A68CDECD2868811300D0725D /* Debug */ = {
			isa = XCBuildConfiguration;
			baseConfigurationReference = 6BED5EE22FCF8AD8061EB50B /* Pods-FlickrGallery.debug.xcconfig */;
			buildSettings = {
				ASSETCATALOG_COMPILER_APPICON_NAME = AppIcon;
				ASSETCATALOG_COMPILER_GLOBAL_ACCENT_COLOR_NAME = AccentColor;
				CODE_SIGN_STYLE = Automatic;
				CURRENT_PROJECT_VERSION = 1;
				DEVELOPMENT_TEAM = X3RLZK92Q3;
				GENERATE_INFOPLIST_FILE = YES;
				INFOPLIST_FILE = FlickrGallery/Info.plist;
				INFOPLIST_KEY_UIApplicationSupportsIndirectInputEvents = YES;
				INFOPLIST_KEY_UILaunchStoryboardName = LaunchScreen;
				INFOPLIST_KEY_UIMainStoryboardFile = Main;
				INFOPLIST_KEY_UISupportedInterfaceOrientations_iPad = "UIInterfaceOrientationPortrait UIInterfaceOrientationPortraitUpsideDown UIInterfaceOrientationLandscapeLeft UIInterfaceOrientationLandscapeRight";
				INFOPLIST_KEY_UISupportedInterfaceOrientations_iPhone = "UIInterfaceOrientationPortrait UIInterfaceOrientationLandscapeLeft UIInterfaceOrientationLandscapeRight";
				LD_RUNPATH_SEARCH_PATHS = (
					"$(inherited)",
					"@executable_path/Frameworks",
				);
				MARKETING_VERSION = 1.0;
				PRODUCT_BUNDLE_IDENTIFIER = com.maxkuznetsov.FlickrGallery;
				PRODUCT_NAME = "$(TARGET_NAME)";
				SWIFT_EMIT_LOC_STRINGS = YES;
				SWIFT_VERSION = 5.0;
				TARGETED_DEVICE_FAMILY = "1,2";
			};
			name = Debug;
		};
		A68CDECE2868811300D0725D /* Release */ = {
			isa = XCBuildConfiguration;
			baseConfigurationReference = 8028ED6424F57C41E39FC10D /* Pods-FlickrGallery.release.xcconfig */;
			buildSettings = {
				ASSETCATALOG_COMPILER_APPICON_NAME = AppIcon;
				ASSETCATALOG_COMPILER_GLOBAL_ACCENT_COLOR_NAME = AccentColor;
				CODE_SIGN_STYLE = Automatic;
				CURRENT_PROJECT_VERSION = 1;
				DEVELOPMENT_TEAM = X3RLZK92Q3;
				GENERATE_INFOPLIST_FILE = YES;
				INFOPLIST_FILE = FlickrGallery/Info.plist;
				INFOPLIST_KEY_UIApplicationSupportsIndirectInputEvents = YES;
				INFOPLIST_KEY_UILaunchStoryboardName = LaunchScreen;
				INFOPLIST_KEY_UIMainStoryboardFile = Main;
				INFOPLIST_KEY_UISupportedInterfaceOrientations_iPad = "UIInterfaceOrientationPortrait UIInterfaceOrientationPortraitUpsideDown UIInterfaceOrientationLandscapeLeft UIInterfaceOrientationLandscapeRight";
				INFOPLIST_KEY_UISupportedInterfaceOrientations_iPhone = "UIInterfaceOrientationPortrait UIInterfaceOrientationLandscapeLeft UIInterfaceOrientationLandscapeRight";
				LD_RUNPATH_SEARCH_PATHS = (
					"$(inherited)",
					"@executable_path/Frameworks",
				);
				MARKETING_VERSION = 1.0;
				PRODUCT_BUNDLE_IDENTIFIER = com.maxkuznetsov.FlickrGallery;
				PRODUCT_NAME = "$(TARGET_NAME)";
				SWIFT_EMIT_LOC_STRINGS = YES;
				SWIFT_VERSION = 5.0;
				TARGETED_DEVICE_FAMILY = "1,2";
			};
			name = Release;
		};
/* End XCBuildConfiguration section */

/* Begin XCConfigurationList section */
		A68CDEB02868811200D0725D /* Build configuration list for PBXProject "FlickrGallery" */ = {
			isa = XCConfigurationList;
			buildConfigurations = (
				A68CDECA2868811300D0725D /* Debug */,
				A68CDECB2868811300D0725D /* Release */,
			);
			defaultConfigurationIsVisible = 0;
			defaultConfigurationName = Release;
		};
		A68CDECC2868811300D0725D /* Build configuration list for PBXNativeTarget "FlickrGallery" */ = {
			isa = XCConfigurationList;
			buildConfigurations = (
				A68CDECD2868811300D0725D /* Debug */,
				A68CDECE2868811300D0725D /* Release */,
			);
			defaultConfigurationIsVisible = 0;
			defaultConfigurationName = Release;
		};
/* End XCConfigurationList section */

/* Begin XCVersionGroup section */
		A68CDEC12868811200D0725D /* FlickrGallery.xcdatamodeld */ = {
			isa = XCVersionGroup;
			children = (
				A68CDEC22868811200D0725D /* FlickrGallery.xcdatamodel */,
			);
			currentVersion = A68CDEC22868811200D0725D /* FlickrGallery.xcdatamodel */;
			path = FlickrGallery.xcdatamodeld;
			sourceTree = "<group>";
			versionGroupType = wrapper.xcdatamodel;
		};
/* End XCVersionGroup section */
	};
	rootObject = A68CDEAD2868811200D0725D /* Project object */;
}
